
Microsoft Visual Studio Solution File, Format Version 12.00
# Visual Studio Version 17
VisualStudioVersion = 17.14.36811.4 d17.14
MinimumVisualStudioVersion = 10.0.40219.1
Project("{FAE04EC0-301F-11D3-BF4B-00C04F79EFBC}") = "MinesweeperProject", "MinesweeperProject\MinesweeperProject.csproj", "{71BFD0BD-5BD9-4C27-8595-91AD67CC20FA}"
EndProject
Global
	GlobalSection(SolutionConfigurationPlatforms) = preSolution
		Debug|Any CPU = Debug|Any CPU
		Release|Any CPU = Release|Any CPU
	EndGlobalSection
	GlobalSection(ProjectConfigurationPlatforms) = postSolution
		{71BFD0BD-5BD9-4C27-8595-91AD67CC20FA}.Debug|Any CPU.ActiveCfg = Debug|Any CPU
		{71BFD0BD-5BD9-4C27-8595-91AD67CC20FA}.Debug|Any CPU.Build.0 = Debug|Any CPU
		{71BFD0BD-5BD9-4C27-8595-91AD67CC20FA}.Release|Any CPU.ActiveCfg = Release|Any CPU
		{71BFD0BD-5BD9-4C27-8595-91AD67CC20FA}.Release|Any CPU.Build.0 = Release|Any CPU
	EndGlobalSection
	GlobalSection(SolutionProperties) = preSolution
		HideSolutionNode = FALSE
	EndGlobalSection
	GlobalSection(ExtensibilityGlobals) = postSolution
		SolutionGuid = {C9CDEAE0-B916-4657-92FB-F0FD2CE90688}
	EndGlobalSection
EndGlobal
